
Microsoft Visual Studio Solution File, Format Version 12.00
# Visual Studio Version 17
VisualStudioVersion = 17.4.33213.308
MinimumVisualStudioVersion = 10.0.40219.1
Project("{FAE04EC0-301F-11D3-BF4B-00C04F79EFBC}") = "Producer", "Producer\Producer.csproj", "{87FE4CF8-C791-450A-B494-0FF8CC8232E2}"
EndProject
Project("{FAE04EC0-301F-11D3-BF4B-00C04F79EFBC}") = "Consumer", "Consumer\Consumer.csproj", "{70059017-539C-4157-94B1-DEEA0E5B2615}"
EndProject
Global
	GlobalSection(SolutionConfigurationPlatforms) = preSolution
		Debug|Any CPU = Debug|Any CPU
		Release|Any CPU = Release|Any CPU
	EndGlobalSection
	GlobalSection(ProjectConfigurationPlatforms) = postSolution
		{87FE4CF8-C791-450A-B494-0FF8CC8232E2}.Debug|Any CPU.ActiveCfg = Debug|Any CPU
		{87FE4CF8-C791-450A-B494-0FF8CC8232E2}.Debug|Any CPU.Build.0 = Debug|Any CPU
		{87FE4CF8-C791-450A-B494-0FF8CC8232E2}.Release|Any CPU.ActiveCfg = Release|Any CPU
		{87FE4CF8-C791-450A-B494-0FF8CC8232E2}.Release|Any CPU.Build.0 = Release|Any CPU
		{70059017-539C-4157-94B1-DEEA0E5B2615}.Debug|Any CPU.ActiveCfg = Debug|Any CPU
		{70059017-539C-4157-94B1-DEEA0E5B2615}.Debug|Any CPU.Build.0 = Debug|Any CPU
		{70059017-539C-4157-94B1-DEEA0E5B2615}.Release|Any CPU.ActiveCfg = Release|Any CPU
		{70059017-539C-4157-94B1-DEEA0E5B2615}.Release|Any CPU.Build.0 = Release|Any CPU
	EndGlobalSection
	GlobalSection(SolutionProperties) = preSolution
		HideSolutionNode = FALSE
	EndGlobalSection
	GlobalSection(ExtensibilityGlobals) = postSolution
		SolutionGuid = {371A1469-A332-4693-8D3D-C9E02B585706}
	EndGlobalSection
EndGlobal
